
Microsoft Visual Studio Solution File, Format Version 12.00
# Visual Studio Version 17
VisualStudioVersion = 17.3.32929.385
MinimumVisualStudioVersion = 10.0.40219.1
Project("{FAE04EC0-301F-11D3-BF4B-00C04F79EFBC}") = "TestAppCross.Android", "TestAppCross.Android\TestAppCross.Android.csproj", "{B60EA483-EE76-4D03-B991-5B3FE4C7B04E}"
EndProject
Project("{FAE04EC0-301F-11D3-BF4B-00C04F79EFBC}") = "TestAppCross.iOS", "TestAppCross.iOS\TestAppCross.iOS.csproj", "{246ADE1D-3698-48A6-9E62-DA47C07CDA37}"
EndProject
Project("{FAE04EC0-301F-11D3-BF4B-00C04F79EFBC}") = "TestAppCross", "TestAppCross\TestAppCross.csproj", "{44367CE4-FBEA-4A4C-8126-FC1440F87B98}"
EndProject
Global
	GlobalSection(SolutionConfigurationPlatforms) = preSolution
		Debug|Any CPU = Debug|Any CPU
		Debug|iPhone = Debug|iPhone
		Debug|iPhoneSimulator = Debug|iPhoneSimulator
		Release|Any CPU = Release|Any CPU
		Release|iPhone = Release|iPhone
		Release|iPhoneSimulator = Release|iPhoneSimulator
	EndGlobalSection
	GlobalSection(ProjectConfigurationPlatforms) = postSolution
		{B60EA483-EE76-4D03-B991-5B3FE4C7B04E}.Debug|Any CPU.ActiveCfg = Debug|Any CPU
		{B60EA483-EE76-4D03-B991-5B3FE4C7B04E}.Debug|Any CPU.Build.0 = Debug|Any CPU
		{B60EA483-EE76-4D03-B991-5B3FE4C7B04E}.Debug|Any CPU.Deploy.0 = Debug|Any CPU
		{B60EA483-EE76-4D03-B991-5B3FE4C7B04E}.Debug|iPhone.ActiveCfg = Debug|Any CPU
		{B60EA483-EE76-4D03-B991-5B3FE4C7B04E}.Debug|iPhone.Build.0 = Debug|Any CPU
		{B60EA483-EE76-4D03-B991-5B3FE4C7B04E}.Debug|iPhone.Deploy.0 = Debug|Any CPU
		{B60EA483-EE76-4D03-B991-5B3FE4C7B04E}.Debug|iPhoneSimulator.ActiveCfg = Debug|Any CPU
		{B60EA483-EE76-4D03-B991-5B3FE4C7B04E}.Debug|iPhoneSimulator.Build.0 = Debug|Any CPU
		{B60EA483-EE76-4D03-B991-5B3FE4C7B04E}.Debug|iPhoneSimulator.Deploy.0 = Debug|Any CPU
		{B60EA483-EE76-4D03-B991-5B3FE4C7B04E}.Release|Any CPU.ActiveCfg = Release|Any CPU
		{B60EA483-EE76-4D03-B991-5B3FE4C7B04E}.Release|Any CPU.Build.0 = Release|Any CPU
		{B60EA483-EE76-4D03-B991-5B3FE4C7B04E}.Release|Any CPU.Deploy.0 = Release|Any CPU
		{B60EA483-EE76-4D03-B991-5B3FE4C7B04E}.Release|iPhone.ActiveCfg = Release|Any CPU
		{B60EA483-EE76-4D03-B991-5B3FE4C7B04E}.Release|iPhone.Build.0 = Release|Any CPU
		{B60EA483-EE76-4D03-B991-5B3FE4C7B04E}.Release|iPhone.Deploy.0 = Release|Any CPU
		{B60EA483-EE76-4D03-B991-5B3FE4C7B04E}.Release|iPhoneSimulator.ActiveCfg = Release|Any CPU
		{B60EA483-EE76-4D03-B991-5B3FE4C7B04E}.Release|iPhoneSimulator.Build.0 = Release|Any CPU
		{B60EA483-EE76-4D03-B991-5B3FE4C7B04E}.Release|iPhoneSimulator.Deploy.0 = Release|Any CPU
		{246ADE1D-3698-48A6-9E62-DA47C07CDA37}.Debug|Any CPU.ActiveCfg = Debug|iPhone
		{246ADE1D-3698-48A6-9E62-DA47C07CDA37}.Debug|Any CPU.Build.0 = Debug|iPhone
		{246ADE1D-3698-48A6-9E62-DA47C07CDA37}.Debug|Any CPU.Deploy.0 = Debug|iPhone
		{246ADE1D-3698-48A6-9E62-DA47C07CDA37}.Debug|iPhone.ActiveCfg = Debug|iPhone
		{246ADE1D-3698-48A6-9E62-DA47C07CDA37}.Debug|iPhone.Build.0 = Debug|iPhone
		{246ADE1D-3698-48A6-9E62-DA47C07CDA37}.Debug|iPhone.Deploy.0 = Debug|iPhone
		{246ADE1D-3698-48A6-9E62-DA47C07CDA37}.Debug|iPhoneSimulator.ActiveCfg = Debug|iPhoneSimulator
		{246ADE1D-3698-48A6-9E62-DA47C07CDA37}.Debug|iPhoneSimulator.Build.0 = Debug|iPhoneSimulator
		{246ADE1D-3698-48A6-9E62-DA47C07CDA37}.Debug|iPhoneSimulator.Deploy.0 = Debug|iPhoneSimulator
		{246ADE1D-3698-48A6-9E62-DA47C07CDA37}.Release|Any CPU.ActiveCfg = Release|iPhoneSimulator
		{246ADE1D-3698-48A6-9E62-DA47C07CDA37}.Release|Any CPU.Build.0 = Release|iPhoneSimulator
		{246ADE1D-3698-48A6-9E62-DA47C07CDA37}.Release|Any CPU.Deploy.0 = Release|iPhoneSimulator
		{246ADE1D-3698-48A6-9E62-DA47C07CDA37}.Release|iPhone.ActiveCfg = Release|iPhone
		{246ADE1D-3698-48A6-9E62-DA47C07CDA37}.Release|iPhone.Build.0 = Release|iPhone
		{246ADE1D-3698-48A6-9E62-DA47C07CDA37}.Release|iPhone.Deploy.0 = Release|iPhone
		{246ADE1D-3698-48A6-9E62-DA47C07CDA37}.Release|iPhoneSimulator.ActiveCfg = Release|iPhoneSimulator
		{246ADE1D-3698-48A6-9E62-DA47C07CDA37}.Release|iPhoneSimulator.Build.0 = Release|iPhoneSimulator
		{246ADE1D-3698-48A6-9E62-DA47C07CDA37}.Release|iPhoneSimulator.Deploy.0 = Release|iPhoneSimulator
		{44367CE4-FBEA-4A4C-8126-FC1440F87B98}.Debug|Any CPU.ActiveCfg = Debug|Any CPU
		{44367CE4-FBEA-4A4C-8126-FC1440F87B98}.Debug|Any CPU.Build.0 = Debug|Any CPU
		{44367CE4-FBEA-4A4C-8126-FC1440F87B98}.Debug|Any CPU.Deploy.0 = Debug|Any CPU
		{44367CE4-FBEA-4A4C-8126-FC1440F87B98}.Debug|iPhone.ActiveCfg = Debug|Any CPU
		{44367CE4-FBEA-4A4C-8126-FC1440F87B98}.Debug|iPhone.Build.0 = Debug|Any CPU
		{44367CE4-FBEA-4A4C-8126-FC1440F87B98}.Debug|iPhone.Deploy.0 = Debug|Any CPU
		{44367CE4-FBEA-4A4C-8126-FC1440F87B98}.Debug|iPhoneSimulator.ActiveCfg = Debug|Any CPU
		{44367CE4-FBEA-4A4C-8126-FC1440F87B98}.Debug|iPhoneSimulator.Build.0 = Debug|Any CPU
		{44367CE4-FBEA-4A4C-8126-FC1440F87B98}.Debug|iPhoneSimulator.Deploy.0 = Debug|Any CPU
		{44367CE4-FBEA-4A4C-8126-FC1440F87B98}.Release|Any CPU.ActiveCfg = Release|Any CPU
		{44367CE4-FBEA-4A4C-8126-FC1440F87B98}.Release|Any CPU.Build.0 = Release|Any CPU
		{44367CE4-FBEA-4A4C-8126-FC1440F87B98}.Release|Any CPU.Deploy.0 = Release|Any CPU
		{44367CE4-FBEA-4A4C-8126-FC1440F87B98}.Release|iPhone.ActiveCfg = Release|Any CPU
		{44367CE4-FBEA-4A4C-8126-FC1440F87B98}.Release|iPhone.Build.0 = Release|Any CPU
		{44367CE4-FBEA-4A4C-8126-FC1440F87B98}.Release|iPhone.Deploy.0 = Release|Any CPU
		{44367CE4-FBEA-4A4C-8126-FC1440F87B98}.Release|iPhoneSimulator.ActiveCfg = Release|Any CPU
		{44367CE4-FBEA-4A4C-8126-FC1440F87B98}.Release|iPhoneSimulator.Build.0 = Release|Any CPU
		{44367CE4-FBEA-4A4C-8126-FC1440F87B98}.Release|iPhoneSimulator.Deploy.0 = Release|Any CPU
	EndGlobalSection
	GlobalSection(SolutionProperties) = preSolution
		HideSolutionNode = FALSE
	EndGlobalSection
	GlobalSection(ExtensibilityGlobals) = postSolution
		SolutionGuid = {ED2AA248-8604-4113-A63E-DBE9BB877F1C}
	EndGlobalSection
EndGlobal
